# THIS IS AN AUTOGENERATED FILE. DO NOT EDIT THIS FILE DIRECTLY.
# yarn lockfile v1


"@types/es6-promise@^3.3.0":
  version "3.3.0"
  resolved "https://registry.yarnpkg.com/@types/es6-promise/-/es6-promise-3.3.0.tgz#61b55e554fd807b563f158a7986ee53d3a5a5a9d"
  dependencies:
    es6-promise "*"

"@types/node@^9.4.6":
  version "9.4.6"
  resolved "https://registry.yarnpkg.com/@types/node/-/node-9.4.6.tgz#d8176d864ee48753d053783e4e463aec86b8d82e"

class-validator@^0.8.1:
  version "0.8.1"
  resolved "https://registry.yarnpkg.com/class-validator/-/class-validator-0.8.1.tgz#f5efd5c613927e3c2f68692e8f14d53a2644fb2f"
  dependencies:
    validator "9.2.0"

dotenv@^5.0.0:
  version "5.0.0"
  resolved "https://registry.yarnpkg.com/dotenv/-/dotenv-5.0.0.tgz#0206eb5b336639bf377618a2a304ff00c6a1fddb"

es6-promise@*:
  version "4.2.4"
  resolved "https://registry.yarnpkg.com/es6-promise/-/es6-promise-4.2.4.tgz#dc4221c2b16518760bd8c39a52d8f356fc00ed29"

prettier@^1.13.4:
  version "1.13.4"
  resolved "https://registry.yarnpkg.com/prettier/-/prettier-1.13.4.tgz#31bbae6990f13b1093187c731766a14036fa72e6"

rxjs@^5.4.2:
  version "5.5.6"
  resolved "https://registry.yarnpkg.com/rxjs/-/rxjs-5.5.6.tgz#e31fb96d6fd2ff1fd84bcea8ae9c02d007179c02"
  dependencies:
    symbol-observable "1.0.1"

symbol-observable@1.0.1:
  version "1.0.1"
  resolved "https://registry.yarnpkg.com/symbol-observable/-/symbol-observable-1.0.1.tgz#8340fc4702c3122df5d22288f88283f513d3fdd4"

validator@9.2.0:
  version "9.2.0"
  resolved "https://registry.yarnpkg.com/validator/-/validator-9.2.0.tgz#ad216eed5f37cac31a6fe00ceab1f6b88bded03e"
